
Microsoft Visual Studio Solution File, Format Version 11.00
# Visual Studio 2010
Project("{FAE04EC0-301F-11D3-BF4B-00C04F79EFBC}") = "Assembly-CSharp", "Assembly-CSharp.csproj", "{f0acf28f-5a35-61f0-24e2-bb5c9e6674a6}"
EndProject
Project("{FAE04EC0-301F-11D3-BF4B-00C04F79EFBC}") = "Assembly-CSharp-Editor", "Assembly-CSharp-Editor.csproj", "{f3c8dcd1-e44e-9801-46a8-d850fe433aea}"
EndProject
Global
	GlobalSection(SolutionConfigurationPlatforms) = preSolution
		Debug|Any CPU = Debug|Any CPU
	EndGlobalSection
	GlobalSection(ProjectConfigurationPlatforms) = postSolution
		{f0acf28f-5a35-61f0-24e2-bb5c9e6674a6}.Debug|Any CPU.ActiveCfg = Debug|Any CPU
		{f0acf28f-5a35-61f0-24e2-bb5c9e6674a6}.Debug|Any CPU.Build.0 = Debug|Any CPU
		{f3c8dcd1-e44e-9801-46a8-d850fe433aea}.Debug|Any CPU.ActiveCfg = Debug|Any CPU
		{f3c8dcd1-e44e-9801-46a8-d850fe433aea}.Debug|Any CPU.Build.0 = Debug|Any CPU
	EndGlobalSection
	GlobalSection(SolutionProperties) = preSolution
		HideSolutionNode = FALSE
	EndGlobalSection
EndGlobal
